
Microsoft Visual Studio Solution File, Format Version 12.00
# Visual Studio Version 17
VisualStudioVersion = 17.14.36915.13 d17.14
MinimumVisualStudioVersion = 10.0.40219.1
Project("{FAE04EC0-301F-11D3-BF4B-00C04F79EFBC}") = "Main", "Main.csproj", "{391799E8-87EA-4C05-A209-FF779AC925DE}"
EndProject
Global
	GlobalSection(SolutionConfigurationPlatforms) = preSolution
		Debug|Any CPU = Debug|Any CPU
		Release|Any CPU = Release|Any CPU
	EndGlobalSection
	GlobalSection(ProjectConfigurationPlatforms) = postSolution
		{391799E8-87EA-4C05-A209-FF779AC925DE}.Debug|Any CPU.ActiveCfg = Debug|Any CPU
		{391799E8-87EA-4C05-A209-FF779AC925DE}.Debug|Any CPU.Build.0 = Debug|Any CPU
		{391799E8-87EA-4C05-A209-FF779AC925DE}.Release|Any CPU.ActiveCfg = Release|Any CPU
		{391799E8-87EA-4C05-A209-FF779AC925DE}.Release|Any CPU.Build.0 = Release|Any CPU
	EndGlobalSection
	GlobalSection(SolutionProperties) = preSolution
		HideSolutionNode = FALSE
	EndGlobalSection
	GlobalSection(ExtensibilityGlobals) = postSolution
		SolutionGuid = {D02CF1AB-FB36-4225-B814-A5B463530338}
	EndGlobalSection
EndGlobal
